PODS:
  - MultiSelectionTableView (0.1.0)
  - SDWebImage (3.8.2):
    - SDWebImage/Core (= 3.8.2)
  - SDWebImage/Core (3.8.2)

DEPENDENCIES:
  - MultiSelectionTableView (from `../`)
  - SDWebImage (~> 3.8.1)

EXTERNAL SOURCES:
  MultiSelectionTableView:
    :path: "../"

SPEC CHECKSUMS:
  MultiSelectionTableView: 7db06fbd1de16cfdd9fcf9783bc0c55cc2e85cf4
  SDWebImage: 098e97e6176540799c27e804c96653ee0833d13c

PODFILE CHECKSUM: 766d4b789f579c92164a389c6b1da3dcded3bbbc

COCOAPODS: 1.2.0.beta.1
