// !$*UTF8*$!
{
	archiveVersion = 1;
	classes = {
	};
	objectVersion = 46;
	objects = {

/* Begin PBXBuildFile section */
		0CCE787197EFF26C705C5111 /* Pods_MultiSelectionTableUITests.framework in Frameworks */ = {isa = PBXBuildFile; fileRef = 78031806288743039F6E78FC /* Pods_MultiSelectionTableUITests.framework */; };
		35AE6B93E68E6109393C2B63 /* Pods_MultiSelectionTableTests.framework in Frameworks */ = {isa = PBXBuildFile; fileRef = EE7D9414829E14D3B5E86BF7 /* Pods_MultiSelectionTableTests.framework */; };
		8506BB241DFAC9A1007E627D /* MarlvelSecretKeys.plist in Resources */ = {isa = PBXBuildFile; fileRef = 8506BB231DFAC9A1007E627D /* MarlvelSecretKeys.plist */; };
		8506BB281DFACC68007E627D /* MarvelApiConfiguration.swift in Sources */ = {isa = PBXBuildFile; fileRef = 8506BB271DFACC68007E627D /* MarvelApiConfiguration.swift */; };
		855B901E1DFAB71000DFDC49 /* Album.swift in Sources */ = {isa = PBXBuildFile; fileRef = 855B90191DFAB71000DFDC49 /* Album.swift */; };
		855B901F1DFAB71000DFDC49 /* AlbumCell.swift in Sources */ = {isa = PBXBuildFile; fileRef = 855B901A1DFAB71000DFDC49 /* AlbumCell.swift */; };
		855B90201DFAB71000DFDC49 /* AlbumCell.xib in Resources */ = {isa = PBXBuildFile; fileRef = 855B901B1DFAB71000DFDC49 /* AlbumCell.xib */; };
		855B90211DFAB71000DFDC49 /* AlbunsViewController.swift in Sources */ = {isa = PBXBuildFile; fileRef = 855B901C1DFAB71000DFDC49 /* AlbunsViewController.swift */; };
		855B90221DFAB71000DFDC49 /* Band.swift in Sources */ = {isa = PBXBuildFile; fileRef = 855B901D1DFAB71000DFDC49 /* Band.swift */; };
		855B90241DFAB91D00DFDC49 /* Hero.swift in Sources */ = {isa = PBXBuildFile; fileRef = 855B90231DFAB91D00DFDC49 /* Hero.swift */; };
		855B90271DFABA1400DFDC49 /* HeroCell.swift in Sources */ = {isa = PBXBuildFile; fileRef = 855B90251DFABA1400DFDC49 /* HeroCell.swift */; };
		855B90281DFABA1400DFDC49 /* HeroCell.xib in Resources */ = {isa = PBXBuildFile; fileRef = 855B90261DFABA1400DFDC49 /* HeroCell.xib */; };
		855B902F1DFAC13C00DFDC49 /* Heroes.Fetcher.swift in Sources */ = {isa = PBXBuildFile; fileRef = 855B902E1DFAC13C00DFDC49 /* Heroes.Fetcher.swift */; };
		85C315161DECEFF30095AFA1 /* AppDelegate.swift in Sources */ = {isa = PBXBuildFile; fileRef = 85C315151DECEFF30095AFA1 /* AppDelegate.swift */; };
		85C3151B1DECEFF30095AFA1 /* Main.storyboard in Resources */ = {isa = PBXBuildFile; fileRef = 85C315191DECEFF30095AFA1 /* Main.storyboard */; };
		85C315201DECEFF30095AFA1 /* Assets.xcassets in Resources */ = {isa = PBXBuildFile; fileRef = 85C3151F1DECEFF30095AFA1 /* Assets.xcassets */; };
		85C315231DECEFF30095AFA1 /* LaunchScreen.storyboard in Resources */ = {isa = PBXBuildFile; fileRef = 85C315211DECEFF30095AFA1 /* LaunchScreen.storyboard */; };
		85C3152E1DECEFF30095AFA1 /* MultiSelectionTableTests.swift in Sources */ = {isa = PBXBuildFile; fileRef = 85C3152D1DECEFF30095AFA1 /* MultiSelectionTableTests.swift */; };
		85C315391DECEFF30095AFA1 /* MultiSelectionTableUITests.swift in Sources */ = {isa = PBXBuildFile; fileRef = 85C315381DECEFF30095AFA1 /* MultiSelectionTableUITests.swift */; };
		85C5EDA91DF989B400B5B122 /* HeroesViewController.swift in Sources */ = {isa = PBXBuildFile; fileRef = 85C5EDA81DF989B400B5B122 /* HeroesViewController.swift */; };
		EF612445992E66F568DE0B67 /* Pods_MultiSelectionTable.framework in Frameworks */ = {isa = PBXBuildFile; fileRef = C74DAA1C00F5423DE7213C3B /* Pods_MultiSelectionTable.framework */; };
/* End PBXBuildFile section */

/* Begin PBXContainerItemProxy section */
		85C3152A1DECEFF30095AFA1 /* PBXContainerItemProxy */ = {
			isa = PBXContainerItemProxy;
			containerPortal = 85C3150A1DECEFF30095AFA1 /* Project object */;
			proxyType = 1;
			remoteGlobalIDString = 85C315111DECEFF30095AFA1;
			remoteInfo = MultiSelectionTable;
		};
		85C315351DECEFF30095AFA1 /* PBXContainerItemProxy */ = {
			isa = PBXContainerItemProxy;
			containerPortal = 85C3150A1DECEFF30095AFA1 /* Project object */;
			proxyType = 1;
			remoteGlobalIDString = 85C315111DECEFF30095AFA1;
			remoteInfo = MultiSelectionTable;
		};
/* End PBXContainerItemProxy section */

/* Begin PBXFileReference section */
		3A017AF82C67089053006C9A /* Pods-MultiSelectionTable.debug.xcconfig */ = {isa = PBXFileReference; includeInIndex = 1; lastKnownFileType = text.xcconfig; name = "Pods-MultiSelectionTable.debug.xcconfig"; path = "Pods/Target Support Files/Pods-MultiSelectionTable/Pods-MultiSelectionTable.debug.xcconfig"; sourceTree = "<group>"; };
		4A95BD964DDA5B5FF09A934A /* Pods-MultiSelectionTableUITests.debug.xcconfig */ = {isa = PBXFileReference; includeInIndex = 1; lastKnownFileType = text.xcconfig; name = "Pods-MultiSelectionTableUITests.debug.xcconfig"; path = "Pods/Target Support Files/Pods-MultiSelectionTableUITests/Pods-MultiSelectionTableUITests.debug.xcconfig"; sourceTree = "<group>"; };
		6A4EACF15959F8CD1E3D13E4 /* Pods-MultiSelectionTableUITests.release.xcconfig */ = {isa = PBXFileReference; includeInIndex = 1; lastKnownFileType = text.xcconfig; name = "Pods-MultiSelectionTableUITests.release.xcconfig"; path = "Pods/Target Support Files/Pods-MultiSelectionTableUITests/Pods-MultiSelectionTableUITests.release.xcconfig"; sourceTree = "<group>"; };
		78031806288743039F6E78FC /* Pods_MultiSelectionTableUITests.framework */ = {isa = PBXFileReference; explicitFileType = wrapper.framework; includeInIndex = 0; path = Pods_MultiSelectionTableUITests.framework; sourceTree = BUILT_PRODUCTS_DIR; };
		8506BB231DFAC9A1007E627D /* MarlvelSecretKeys.plist */ = {isa = PBXFileReference; fileEncoding = 4; lastKnownFileType = text.plist.xml; name = MarlvelSecretKeys.plist; path = ../../../../Secrets/MarlvelSecretKeys.plist; sourceTree = "<group>"; };
		8506BB271DFACC68007E627D /* MarvelApiConfiguration.swift */ = {isa = PBXFileReference; fileEncoding = 4; lastKnownFileType = sourcecode.swift; name = MarvelApiConfiguration.swift; path = UseCases/Heroes/MarvelApiConfiguration.swift; sourceTree = "<group>"; };
		855B90191DFAB71000DFDC49 /* Album.swift */ = {isa = PBXFileReference; fileEncoding = 4; lastKnownFileType = sourcecode.swift; name = Album.swift; path = Albums/Album.swift; sourceTree = "<group>"; };
		855B901A1DFAB71000DFDC49 /* AlbumCell.swift */ = {isa = PBXFileReference; fileEncoding = 4; lastKnownFileType = sourcecode.swift; name = AlbumCell.swift; path = Albums/AlbumCell.swift; sourceTree = "<group>"; };
		855B901B1DFAB71000DFDC49 /* AlbumCell.xib */ = {isa = PBXFileReference; fileEncoding = 4; lastKnownFileType = file.xib; name = AlbumCell.xib; path = Albums/AlbumCell.xib; sourceTree = "<group>"; };
		855B901C1DFAB71000DFDC49 /* AlbunsViewController.swift */ = {isa = PBXFileReference; fileEncoding = 4; lastKnownFileType = sourcecode.swift; name = AlbunsViewController.swift; path = Albums/AlbunsViewController.swift; sourceTree = "<group>"; };
		855B901D1DFAB71000DFDC49 /* Band.swift */ = {isa = PBXFileReference; fileEncoding = 4; lastKnownFileType = sourcecode.swift; name = Band.swift; path = Albums/Band.swift; sourceTree = "<group>"; };
		855B90231DFAB91D00DFDC49 /* Hero.swift */ = {isa = PBXFileReference; fileEncoding = 4; lastKnownFileType = sourcecode.swift; name = Hero.swift; path = Heroes/Hero.swift; sourceTree = "<group>"; };
		855B90251DFABA1400DFDC49 /* HeroCell.swift */ = {isa = PBXFileReference; fileEncoding = 4; lastKnownFileType = sourcecode.swift; name = HeroCell.swift; path = Heroes/HeroCell.swift; sourceTree = "<group>"; };
		855B90261DFABA1400DFDC49 /* HeroCell.xib */ = {isa = PBXFileReference; fileEncoding = 4; lastKnownFileType = file.xib; name = HeroCell.xib; path = Heroes/HeroCell.xib; sourceTree = "<group>"; };
		855B902E1DFAC13C00DFDC49 /* Heroes.Fetcher.swift */ = {isa = PBXFileReference; fileEncoding = 4; lastKnownFileType = sourcecode.swift; name = Heroes.Fetcher.swift; path = UseCases/Heroes/Heroes.Fetcher.swift; sourceTree = "<group>"; };
		855B90301DFAC51D00DFDC49 /* BridgingHeader.h */ = {isa = PBXFileReference; lastKnownFileType = sourcecode.c.h; path = BridgingHeader.h; sourceTree = "<group>"; };
		85C315121DECEFF30095AFA1 /* MultiSelectionTable.app */ = {isa = PBXFileReference; explicitFileType = wrapper.application; includeInIndex = 0; path = MultiSelectionTable.app; sourceTree = BUILT_PRODUCTS_DIR; };
		85C315151DECEFF30095AFA1 /* AppDelegate.swift */ = {isa = PBXFileReference; lastKnownFileType = sourcecode.swift; path = AppDelegate.swift; sourceTree = "<group>"; };
		85C3151A1DECEFF30095AFA1 /* Base */ = {isa = PBXFileReference; lastKnownFileType = file.storyboard; name = Base; path = Base.lproj/Main.storyboard; sourceTree = "<group>"; };
		85C3151F1DECEFF30095AFA1 /* Assets.xcassets */ = {isa = PBXFileReference; lastKnownFileType = folder.assetcatalog; path = Assets.xcassets; sourceTree = "<group>"; };
		85C315221DECEFF30095AFA1 /* Base */ = {isa = PBXFileReference; lastKnownFileType = file.storyboard; name = Base; path = Base.lproj/LaunchScreen.storyboard; sourceTree = "<group>"; };
		85C315241DECEFF30095AFA1 /* Info.plist */ = {isa = PBXFileReference; lastKnownFileType = text.plist.xml; path = Info.plist; sourceTree = "<group>"; };
		85C315291DECEFF30095AFA1 /* MultiSelectionTableTests.xctest */ = {isa = PBXFileReference; explicitFileType = wrapper.cfbundle; includeInIndex = 0; path = MultiSelectionTableTests.xctest; sourceTree = BUILT_PRODUCTS_DIR; };
		85C3152D1DECEFF30095AFA1 /* MultiSelectionTableTests.swift */ = {isa = PBXFileReference; lastKnownFileType = sourcecode.swift; path = MultiSelectionTableTests.swift; sourceTree = "<group>"; };
		85C3152F1DECEFF30095AFA1 /* Info.plist */ = {isa = PBXFileReference; lastKnownFileType = text.plist.xml; path = Info.plist; sourceTree = "<group>"; };
		85C315341DECEFF30095AFA1 /* MultiSelectionTableUITests.xctest */ = {isa = PBXFileReference; explicitFileType = wrapper.cfbundle; includeInIndex = 0; path = MultiSelectionTableUITests.xctest; sourceTree = BUILT_PRODUCTS_DIR; };
		85C315381DECEFF30095AFA1 /* MultiSelectionTableUITests.swift */ = {isa = PBXFileReference; lastKnownFileType = sourcecode.swift; path = MultiSelectionTableUITests.swift; sourceTree = "<group>"; };
		85C3153A1DECEFF30095AFA1 /* Info.plist */ = {isa = PBXFileReference; lastKnownFileType = text.plist.xml; path = Info.plist; sourceTree = "<group>"; };
		85C5EDA81DF989B400B5B122 /* HeroesViewController.swift */ = {isa = PBXFileReference; fileEncoding = 4; lastKnownFileType = sourcecode.swift; name = HeroesViewController.swift; path = Heroes/HeroesViewController.swift; sourceTree = "<group>"; };
		C262E671D2FFA4765D00586B /* Pods-MultiSelectionTableTests.debug.xcconfig */ = {isa = PBXFileReference; includeInIndex = 1; lastKnownFileType = text.xcconfig; name = "Pods-MultiSelectionTableTests.debug.xcconfig"; path = "Pods/Target Support Files/Pods-MultiSelectionTableTests/Pods-MultiSelectionTableTests.debug.xcconfig"; sourceTree = "<group>"; };
		C2FA110E208BC064ECD27E5A /* Pods-MultiSelectionTableTests.release.xcconfig */ = {isa = PBXFileReference; includeInIndex = 1; lastKnownFileType = text.xcconfig; name = "Pods-MultiSelectionTableTests.release.xcconfig"; path = "Pods/Target Support Files/Pods-MultiSelectionTableTests/Pods-MultiSelectionTableTests.release.xcconfig"; sourceTree = "<group>"; };
		C74DAA1C00F5423DE7213C3B /* Pods_MultiSelectionTable.framework */ = {isa = PBXFileReference; explicitFileType = wrapper.framework; includeInIndex = 0; path = Pods_MultiSelectionTable.framework; sourceTree = BUILT_PRODUCTS_DIR; };
		C9CE32EF8AC099B7534C90F3 /* Pods-MultiSelectionTable.release.xcconfig */ = {isa = PBXFileReference; includeInIndex = 1; lastKnownFileType = text.xcconfig; name = "Pods-MultiSelectionTable.release.xcconfig"; path = "Pods/Target Support Files/Pods-MultiSelectionTable/Pods-MultiSelectionTable.release.xcconfig"; sourceTree = "<group>"; };
		EE7D9414829E14D3B5E86BF7 /* Pods_MultiSelectionTableTests.framework */ = {isa = PBXFileReference; explicitFileType = wrapper.framework; includeInIndex = 0; path = Pods_MultiSelectionTableTests.framework; sourceTree = BUILT_PRODUCTS_DIR; };
/* End PBXFileReference section */

/* Begin PBXFrameworksBuildPhase section */
		85C3150F1DECEFF30095AFA1 /* Frameworks */ = {
			isa = PBXFrameworksBuildPhase;
			buildActionMask = 2147483647;
			files = (
				EF612445992E66F568DE0B67 /* Pods_MultiSelectionTable.framework in Frameworks */,
			);
			runOnlyForDeploymentPostprocessing = 0;
		};
		85C315261DECEFF30095AFA1 /* Frameworks */ = {
			isa = PBXFrameworksBuildPhase;
			buildActionMask = 2147483647;
			files = (
				35AE6B93E68E6109393C2B63 /* Pods_MultiSelectionTableTests.framework in Frameworks */,
			);
			runOnlyForDeploymentPostprocessing = 0;
		};
		85C315311DECEFF30095AFA1 /* Frameworks */ = {
			isa = PBXFrameworksBuildPhase;
			buildActionMask = 2147483647;
			files = (
				0CCE787197EFF26C705C5111 /* Pods_MultiSelectionTableUITests.framework in Frameworks */,
			);
			runOnlyForDeploymentPostprocessing = 0;
		};
/* End PBXFrameworksBuildPhase section */

/* Begin PBXGroup section */
		855B902C1DFAC0F600DFDC49 /* UseCases */ = {
			isa = PBXGroup;
			children = (
				855B902D1DFAC11A00DFDC49 /* Heroes */,
			);
			name = UseCases;
			sourceTree = "<group>";
		};
		855B902D1DFAC11A00DFDC49 /* Heroes */ = {
			isa = PBXGroup;
			children = (
				855B902E1DFAC13C00DFDC49 /* Heroes.Fetcher.swift */,
				8506BB271DFACC68007E627D /* MarvelApiConfiguration.swift */,
			);
			name = Heroes;
			sourceTree = "<group>";
		};
		85C315091DECEFF30095AFA1 = {
			isa = PBXGroup;
			children = (
				85C315141DECEFF30095AFA1 /* MultiSelectionTable */,
				85C3152C1DECEFF30095AFA1 /* MultiSelectionTableTests */,
				85C315371DECEFF30095AFA1 /* MultiSelectionTableUITests */,
				85C315131DECEFF30095AFA1 /* Products */,
				A2E4FF55415126224867CEFD /* Pods */,
				A2D58FB8AA8262B86B675A7E /* Frameworks */,
			);
			sourceTree = "<group>";
		};
		85C315131DECEFF30095AFA1 /* Products */ = {
			isa = PBXGroup;
			children = (
				85C315121DECEFF30095AFA1 /* MultiSelectionTable.app */,
				85C315291DECEFF30095AFA1 /* MultiSelectionTableTests.xctest */,
				85C315341DECEFF30095AFA1 /* MultiSelectionTableUITests.xctest */,
			);
			name = Products;
			sourceTree = "<group>";
		};
		85C315141DECEFF30095AFA1 /* MultiSelectionTable */ = {
			isa = PBXGroup;
			children = (
				85C5EDA51DF9888900B5B122 /* Albuns */,
				85C315151DECEFF30095AFA1 /* AppDelegate.swift */,
				85C3151F1DECEFF30095AFA1 /* Assets.xcassets */,
				85C5EDA61DF9889600B5B122 /* Heroes */,
				85C315191DECEFF30095AFA1 /* Main.storyboard */,
				85C5EDA71DF988CE00B5B122 /* SupportingFiles */,
				855B902C1DFAC0F600DFDC49 /* UseCases */,
				8506BB231DFAC9A1007E627D /* MarlvelSecretKeys.plist */,
			);
			path = MultiSelectionTable;
			sourceTree = "<group>";
		};
		85C3152C1DECEFF30095AFA1 /* MultiSelectionTableTests */ = {
			isa = PBXGroup;
			children = (
				85C3152D1DECEFF30095AFA1 /* MultiSelectionTableTests.swift */,
				85C3152F1DECEFF30095AFA1 /* Info.plist */,
			);
			path = MultiSelectionTableTests;
			sourceTree = "<group>";
		};
		85C315371DECEFF30095AFA1 /* MultiSelectionTableUITests */ = {
			isa = PBXGroup;
			children = (
				85C315381DECEFF30095AFA1 /* MultiSelectionTableUITests.swift */,
				85C3153A1DECEFF30095AFA1 /* Info.plist */,
			);
			path = MultiSelectionTableUITests;
			sourceTree = "<group>";
		};
		85C5EDA51DF9888900B5B122 /* Albuns */ = {
			isa = PBXGroup;
			children = (
				855B90191DFAB71000DFDC49 /* Album.swift */,
				855B901A1DFAB71000DFDC49 /* AlbumCell.swift */,
				855B901B1DFAB71000DFDC49 /* AlbumCell.xib */,
				855B901C1DFAB71000DFDC49 /* AlbunsViewController.swift */,
				855B901D1DFAB71000DFDC49 /* Band.swift */,
			);
			name = Albuns;
			sourceTree = "<group>";
		};
		85C5EDA61DF9889600B5B122 /* Heroes */ = {
			isa = PBXGroup;
			children = (
				85C5EDA81DF989B400B5B122 /* HeroesViewController.swift */,
				855B90231DFAB91D00DFDC49 /* Hero.swift */,
				855B90251DFABA1400DFDC49 /* HeroCell.swift */,
				855B90261DFABA1400DFDC49 /* HeroCell.xib */,
			);
			name = Heroes;
			sourceTree = "<group>";
		};
		85C5EDA71DF988CE00B5B122 /* SupportingFiles */ = {
			isa = PBXGroup;
			children = (
				85C315241DECEFF30095AFA1 /* Info.plist */,
				85C315211DECEFF30095AFA1 /* LaunchScreen.storyboard */,
				855B90301DFAC51D00DFDC49 /* BridgingHeader.h */,
			);
			name = SupportingFiles;
			sourceTree = "<group>";
		};
		A2D58FB8AA8262B86B675A7E /* Frameworks */ = {
			isa = PBXGroup;
			children = (
				C74DAA1C00F5423DE7213C3B /* Pods_MultiSelectionTable.framework */,
				EE7D9414829E14D3B5E86BF7 /* Pods_MultiSelectionTableTests.framework */,
				78031806288743039F6E78FC /* Pods_MultiSelectionTableUITests.framework */,
			);
			name = Frameworks;
			sourceTree = "<group>";
		};
		A2E4FF55415126224867CEFD /* Pods */ = {
			isa = PBXGroup;
			children = (
				3A017AF82C67089053006C9A /* Pods-MultiSelectionTable.debug.xcconfig */,
				C9CE32EF8AC099B7534C90F3 /* Pods-MultiSelectionTable.release.xcconfig */,
				C262E671D2FFA4765D00586B /* Pods-MultiSelectionTableTests.debug.xcconfig */,
				C2FA110E208BC064ECD27E5A /* Pods-MultiSelectionTableTests.release.xcconfig */,
				4A95BD964DDA5B5FF09A934A /* Pods-MultiSelectionTableUITests.debug.xcconfig */,
				6A4EACF15959F8CD1E3D13E4 /* Pods-MultiSelectionTableUITests.release.xcconfig */,
			);
			name = Pods;
			sourceTree = "<group>";
		};
/* End PBXGroup section */

/* Begin PBXNativeTarget section */
		85C315111DECEFF30095AFA1 /* MultiSelectionTable */ = {
			isa = PBXNativeTarget;
			buildConfigurationList = 85C3153D1DECEFF30095AFA1 /* Build configuration list for PBXNativeTarget "MultiSelectionTable" */;
			buildPhases = (
				7CE01BB8A7D472CAF6F4B668 /* [CP] Check Pods Manifest.lock */,
				85C3150E1DECEFF30095AFA1 /* Sources */,
				85C3150F1DECEFF30095AFA1 /* Frameworks */,
				85C315101DECEFF30095AFA1 /* Resources */,
				0DFD6AE8B719936C95A820B3 /* [CP] Embed Pods Frameworks */,
				96DF165695304444DE0AAF5A /* [CP] Copy Pods Resources */,
			);
			buildRules = (
			);
			dependencies = (
			);
			name = MultiSelectionTable;
			productName = MultiSelectionTable;
			productReference = 85C315121DECEFF30095AFA1 /* MultiSelectionTable.app */;
			productType = "com.apple.product-type.application";
		};
		85C315281DECEFF30095AFA1 /* MultiSelectionTableTests */ = {
			isa = PBXNativeTarget;
			buildConfigurationList = 85C315401DECEFF30095AFA1 /* Build configuration list for PBXNativeTarget "MultiSelectionTableTests" */;
			buildPhases = (
				E8DD9FAA516BB96BBC3813B3 /* [CP] Check Pods Manifest.lock */,
				85C315251DECEFF30095AFA1 /* Sources */,
				85C315261DECEFF30095AFA1 /* Frameworks */,
				85C315271DECEFF30095AFA1 /* Resources */,
				78CA5AC45450793EE0EA5989 /* [CP] Embed Pods Frameworks */,
				05CD76602D3B324AF6168476 /* [CP] Copy Pods Resources */,
			);
			buildRules = (
			);
			dependencies = (
				85C3152B1DECEFF30095AFA1 /* PBXTargetDependency */,
			);
			name = MultiSelectionTableTests;
			productName = MultiSelectionTableTests;
			productReference = 85C315291DECEFF30095AFA1 /* MultiSelectionTableTests.xctest */;
			productType = "com.apple.product-type.bundle.unit-test";
		};
		85C315331DECEFF30095AFA1 /* MultiSelectionTableUITests */ = {
			isa = PBXNativeTarget;
			buildConfigurationList = 85C315431DECEFF30095AFA1 /* Build configuration list for PBXNativeTarget "MultiSelectionTableUITests" */;
			buildPhases = (
				F6D27EBF830FFDF00C7DB428 /* [CP] Check Pods Manifest.lock */,
				85C315301DECEFF30095AFA1 /* Sources */,
				85C315311DECEFF30095AFA1 /* Frameworks */,
				85C315321DECEFF30095AFA1 /* Resources */,
				4BACF1752FFF1C45DCE24DC9 /* [CP] Embed Pods Frameworks */,
				16D9900FA8C12C162B525763 /* [CP] Copy Pods Resources */,
			);
			buildRules = (
			);
			dependencies = (
				85C315361DECEFF30095AFA1 /* PBXTargetDependency */,
			);
			name = MultiSelectionTableUITests;
			productName = MultiSelectionTableUITests;
			productReference = 85C315341DECEFF30095AFA1 /* MultiSelectionTableUITests.xctest */;
			productType = "com.apple.product-type.bundle.ui-testing";
		};
/* End PBXNativeTarget section */

/* Begin PBXProject section */
		85C3150A1DECEFF30095AFA1 /* Project object */ = {
			isa = PBXProject;
			attributes = {
				LastSwiftUpdateCheck = 0810;
				LastUpgradeCheck = 0810;
				ORGANIZATIONNAME = "Nuno Gonçalves";
				TargetAttributes = {
					85C315111DECEFF30095AFA1 = {
						CreatedOnToolsVersion = 8.1;
						DevelopmentTeam = 9D23XSN84S;
						ProvisioningStyle = Automatic;
					};
					85C315281DECEFF30095AFA1 = {
						CreatedOnToolsVersion = 8.1;
						DevelopmentTeam = 9D23XSN84S;
						ProvisioningStyle = Automatic;
						TestTargetID = 85C315111DECEFF30095AFA1;
					};
					85C315331DECEFF30095AFA1 = {
						CreatedOnToolsVersion = 8.1;
						DevelopmentTeam = 9D23XSN84S;
						ProvisioningStyle = Automatic;
						TestTargetID = 85C315111DECEFF30095AFA1;
					};
				};
			};
			buildConfigurationList = 85C3150D1DECEFF30095AFA1 /* Build configuration list for PBXProject "MultiSelectionTable" */;
			compatibilityVersion = "Xcode 3.2";
			developmentRegion = English;
			hasScannedForEncodings = 0;
			knownRegions = (
				en,
				Base,
			);
			mainGroup = 85C315091DECEFF30095AFA1;
			productRefGroup = 85C315131DECEFF30095AFA1 /* Products */;
			projectDirPath = "";
			projectRoot = "";
			targets = (
				85C315111DECEFF30095AFA1 /* MultiSelectionTable */,
				85C315281DECEFF30095AFA1 /* MultiSelectionTableTests */,
				85C315331DECEFF30095AFA1 /* MultiSelectionTableUITests */,
			);
		};
/* End PBXProject section */

/* Begin PBXResourcesBuildPhase section */
		85C315101DECEFF30095AFA1 /* Resources */ = {
			isa = PBXResourcesBuildPhase;
			buildActionMask = 2147483647;
			files = (
				85C315231DECEFF30095AFA1 /* LaunchScreen.storyboard in Resources */,
				85C315201DECEFF30095AFA1 /* Assets.xcassets in Resources */,
				8506BB241DFAC9A1007E627D /* MarlvelSecretKeys.plist in Resources */,
				85C3151B1DECEFF30095AFA1 /* Main.storyboard in Resources */,
				855B90201DFAB71000DFDC49 /* AlbumCell.xib in Resources */,
				855B90281DFABA1400DFDC49 /* HeroCell.xib in Resources */,
			);
			runOnlyForDeploymentPostprocessing = 0;
		};
		85C315271DECEFF30095AFA1 /* Resources */ = {
			isa = PBXResourcesBuildPhase;
			buildActionMask = 2147483647;
			files = (
			);
			runOnlyForDeploymentPostprocessing = 0;
		};
		85C315321DECEFF30095AFA1 /* Resources */ = {
			isa = PBXResourcesBuildPhase;
			buildActionMask = 2147483647;
			files = (
			);
			runOnlyForDeploymentPostprocessing = 0;
		};
/* End PBXResourcesBuildPhase section */

/* Begin PBXShellScriptBuildPhase section */
		05CD76602D3B324AF6168476 /* [CP] Copy Pods Resources */ = {
			isa = PBXShellScriptBuildPhase;
			buildActionMask = 2147483647;
			files = (
			);
			inputPaths = (
			);
			name = "[CP] Copy Pods Resources";
			outputPaths = (
			);
			runOnlyForDeploymentPostprocessing = 0;
			shellPath = /bin/sh;
			shellScript = "\"${SRCROOT}/Pods/Target Support Files/Pods-MultiSelectionTableTests/Pods-MultiSelectionTableTests-resources.sh\"\n";
			showEnvVarsInLog = 0;
		};
		0DFD6AE8B719936C95A820B3 /* [CP] Embed Pods Frameworks */ = {
			isa = PBXShellScriptBuildPhase;
			buildActionMask = 2147483647;
			files = (
			);
			inputPaths = (
			);
			name = "[CP] Embed Pods Frameworks";
			outputPaths = (
			);
			runOnlyForDeploymentPostprocessing = 0;
			shellPath = /bin/sh;
			shellScript = "\"${SRCROOT}/Pods/Target Support Files/Pods-MultiSelectionTable/Pods-MultiSelectionTable-frameworks.sh\"\n";
			showEnvVarsInLog = 0;
		};
		16D9900FA8C12C162B525763 /* [CP] Copy Pods Resources */ = {
			isa = PBXShellScriptBuildPhase;
			buildActionMask = 2147483647;
			files = (
			);
			inputPaths = (
			);
			name = "[CP] Copy Pods Resources";
			outputPaths = (
			);
			runOnlyForDeploymentPostprocessing = 0;
			shellPath = /bin/sh;
			shellScript = "\"${SRCROOT}/Pods/Target Support Files/Pods-MultiSelectionTableUITests/Pods-MultiSelectionTableUITests-resources.sh\"\n";
			showEnvVarsInLog = 0;
		};
		4BACF1752FFF1C45DCE24DC9 /* [CP] Embed Pods Frameworks */ = {
			isa = PBXShellScriptBuildPhase;
			buildActionMask = 2147483647;
			files = (
			);
			inputPaths = (
			);
			name = "[CP] Embed Pods Frameworks";
			outputPaths = (
			);
			runOnlyForDeploymentPostprocessing = 0;
			shellPath = /bin/sh;
			shellScript = "\"${SRCROOT}/Pods/Target Support Files/Pods-MultiSelectionTableUITests/Pods-MultiSelectionTableUITests-frameworks.sh\"\n";
			showEnvVarsInLog = 0;
		};
		78CA5AC45450793EE0EA5989 /* [CP] Embed Pods Frameworks */ = {
			isa = PBXShellScriptBuildPhase;
			buildActionMask = 2147483647;
			files = (
			);
			inputPaths = (
			);
			name = "[CP] Embed Pods Frameworks";
			outputPaths = (
			);
			runOnlyForDeploymentPostprocessing = 0;
			shellPath = /bin/sh;
			shellScript = "\"${SRCROOT}/Pods/Target Support Files/Pods-MultiSelectionTableTests/Pods-MultiSelectionTableTests-frameworks.sh\"\n";
			showEnvVarsInLog = 0;
		};
		7CE01BB8A7D472CAF6F4B668 /* [CP] Check Pods Manifest.lock */ = {
			isa = PBXShellScriptBuildPhase;
			buildActionMask = 2147483647;
			files = (
			);
			inputPaths = (
			);
			name = "[CP] Check Pods Manifest.lock";
			outputPaths = (
			);
			runOnlyForDeploymentPostprocessing = 0;
			shellPath = /bin/sh;
			shellScript = "diff \"${PODS_ROOT}/../Podfile.lock\" \"${PODS_ROOT}/Manifest.lock\" > /dev/null\nif [ $? != 0 ] ; then\n    # print error to STDERR\n    echo \"error: The sandbox is not in sync with the Podfile.lock. Run 'pod install' or update your CocoaPods installation.\" >&2\n    exit 1\nfi\n";
			showEnvVarsInLog = 0;
		};
		96DF165695304444DE0AAF5A /* [CP] Copy Pods Resources */ = {
			isa = PBXShellScriptBuildPhase;
			buildActionMask = 2147483647;
			files = (
			);
			inputPaths = (
			);
			name = "[CP] Copy Pods Resources";
			outputPaths = (
			);
			runOnlyForDeploymentPostprocessing = 0;
			shellPath = /bin/sh;
			shellScript = "\"${SRCROOT}/Pods/Target Support Files/Pods-MultiSelectionTable/Pods-MultiSelectionTable-resources.sh\"\n";
			showEnvVarsInLog = 0;
		};
		E8DD9FAA516BB96BBC3813B3 /* [CP] Check Pods Manifest.lock */ = {
			isa = PBXShellScriptBuildPhase;
			buildActionMask = 2147483647;
			files = (
			);
			inputPaths = (
			);
			name = "[CP] Check Pods Manifest.lock";
			outputPaths = (
			);
			runOnlyForDeploymentPostprocessing = 0;
			shellPath = /bin/sh;
			shellScript = "diff \"${PODS_ROOT}/../Podfile.lock\" \"${PODS_ROOT}/Manifest.lock\" > /dev/null\nif [ $? != 0 ] ; then\n    # print error to STDERR\n    echo \"error: The sandbox is not in sync with the Podfile.lock. Run 'pod install' or update your CocoaPods installation.\" >&2\n    exit 1\nfi\n";
			showEnvVarsInLog = 0;
		};
		F6D27EBF830FFDF00C7DB428 /* [CP] Check Pods Manifest.lock */ = {
			isa = PBXShellScriptBuildPhase;
			buildActionMask = 2147483647;
			files = (
			);
			inputPaths = (
			);
			name = "[CP] Check Pods Manifest.lock";
			outputPaths = (
			);
			runOnlyForDeploymentPostprocessing = 0;
			shellPath = /bin/sh;
			shellScript = "diff \"${PODS_ROOT}/../Podfile.lock\" \"${PODS_ROOT}/Manifest.lock\" > /dev/null\nif [ $? != 0 ] ; then\n    # print error to STDERR\n    echo \"error: The sandbox is not in sync with the Podfile.lock. Run 'pod install' or update your CocoaPods installation.\" >&2\n    exit 1\nfi\n";
			showEnvVarsInLog = 0;
		};
/* End PBXShellScriptBuildPhase section */

/* Begin PBXSourcesBuildPhase section */
		85C3150E1DECEFF30095AFA1 /* Sources */ = {
			isa = PBXSourcesBuildPhase;
			buildActionMask = 2147483647;
			files = (
				855B902F1DFAC13C00DFDC49 /* Heroes.Fetcher.swift in Sources */,
				855B90221DFAB71000DFDC49 /* Band.swift in Sources */,
				85C5EDA91DF989B400B5B122 /* HeroesViewController.swift in Sources */,
				85C315161DECEFF30095AFA1 /* AppDelegate.swift in Sources */,
				8506BB281DFACC68007E627D /* MarvelApiConfiguration.swift in Sources */,
				855B90211DFAB71000DFDC49 /* AlbunsViewController.swift in Sources */,
				855B90241DFAB91D00DFDC49 /* Hero.swift in Sources */,
				855B901E1DFAB71000DFDC49 /* Album.swift in Sources */,
				855B901F1DFAB71000DFDC49 /* AlbumCell.swift in Sources */,
				855B90271DFABA1400DFDC49 /* HeroCell.swift in Sources */,
			);
			runOnlyForDeploymentPostprocessing = 0;
		};
		85C315251DECEFF30095AFA1 /* Sources */ = {
			isa = PBXSourcesBuildPhase;
			buildActionMask = 2147483647;
			files = (
				85C3152E1DECEFF30095AFA1 /* MultiSelectionTableTests.swift in Sources */,
			);
			runOnlyForDeploymentPostprocessing = 0;
		};
		85C315301DECEFF30095AFA1 /* Sources */ = {
			isa = PBXSourcesBuildPhase;
			buildActionMask = 2147483647;
			files = (
				85C315391DECEFF30095AFA1 /* MultiSelectionTableUITests.swift in Sources */,
			);
			runOnlyForDeploymentPostprocessing = 0;
		};
/* End PBXSourcesBuildPhase section */

/* Begin PBXTargetDependency section */
		85C3152B1DECEFF30095AFA1 /* PBXTargetDependency */ = {
			isa = PBXTargetDependency;
			target = 85C315111DECEFF30095AFA1 /* MultiSelectionTable */;
			targetProxy = 85C3152A1DECEFF30095AFA1 /* PBXContainerItemProxy */;
		};
		85C315361DECEFF30095AFA1 /* PBXTargetDependency */ = {
			isa = PBXTargetDependency;
			target = 85C315111DECEFF30095AFA1 /* MultiSelectionTable */;
			targetProxy = 85C315351DECEFF30095AFA1 /* PBXContainerItemProxy */;
		};
/* End PBXTargetDependency section */

/* Begin PBXVariantGroup section */
		85C315191DECEFF30095AFA1 /* Main.storyboard */ = {
			isa = PBXVariantGroup;
			children = (
				85C3151A1DECEFF30095AFA1 /* Base */,
			);
			name = Main.storyboard;
			sourceTree = "<group>";
		};
		85C315211DECEFF30095AFA1 /* LaunchScreen.storyboard */ = {
			isa = PBXVariantGroup;
			children = (
				85C315221DECEFF30095AFA1 /* Base */,
			);
			name = LaunchScreen.storyboard;
			sourceTree = "<group>";
		};
/* End PBXVariantGroup section */

/* Begin XCBuildConfiguration section */
		85C3153B1DECEFF30095AFA1 /* Debug */ = {
			isa = XCBuildConfiguration;
			buildSettings = {
				ALWAYS_SEARCH_USER_PATHS = NO;
				CLANG_ANALYZER_NONNULL = YES;
				CLANG_CXX_LANGUAGE_STANDARD = "gnu++0x";
				CLANG_CXX_LIBRARY = "libc++";
				CLANG_ENABLE_MODULES = YES;
				CLANG_ENABLE_OBJC_ARC = YES;
				CLANG_WARN_BOOL_CONVERSION = YES;
				CLANG_WARN_CONSTANT_CONVERSION = YES;
				CLANG_WARN_DIRECT_OBJC_ISA_USAGE = YES_ERROR;
				CLANG_WARN_DOCUMENTATION_COMMENTS = YES;
				CLANG_WARN_EMPTY_BODY = YES;
				CLANG_WARN_ENUM_CONVERSION = YES;
				CLANG_WARN_INFINITE_RECURSION = YES;
				CLANG_WARN_INT_CONVERSION = YES;
				CLANG_WARN_OBJC_ROOT_CLASS = YES_ERROR;
				CLANG_WARN_SUSPICIOUS_MOVE = YES;
				CLANG_WARN_SUSPICIOUS_MOVES = YES;
				CLANG_WARN_UNREACHABLE_CODE = YES;
				CLANG_WARN__DUPLICATE_METHOD_MATCH = YES;
				"CODE_SIGN_IDENTITY[sdk=iphoneos*]" = "iPhone Developer";
				COPY_PHASE_STRIP = NO;
				DEBUG_INFORMATION_FORMAT = dwarf;
				ENABLE_STRICT_OBJC_MSGSEND = YES;
				ENABLE_TESTABILITY = YES;
				GCC_C_LANGUAGE_STANDARD = gnu99;
				GCC_DYNAMIC_NO_PIC = NO;
				GCC_NO_COMMON_BLOCKS = YES;
				GCC_OPTIMIZATION_LEVEL = 0;
				GCC_PREPROCESSOR_DEFINITIONS = (
					"DEBUG=1",
					"$(inherited)",
				);
				GCC_WARN_64_TO_32_BIT_CONVERSION = YES;
				GCC_WARN_ABOUT_RETURN_TYPE = YES_ERROR;
				GCC_WARN_UNDECLARED_SELECTOR = YES;
				GCC_WARN_UNINITIALIZED_AUTOS = YES_AGGRESSIVE;
				GCC_WARN_UNUSED_FUNCTION = YES;
				GCC_WARN_UNUSED_VARIABLE = YES;
				IPHONEOS_DEPLOYMENT_TARGET = 10.1;
				MTL_ENABLE_DEBUG_INFO = YES;
				ONLY_ACTIVE_ARCH = YES;
				SDKROOT = iphoneos;
				SWIFT_ACTIVE_COMPILATION_CONDITIONS = DEBUG;
				SWIFT_OPTIMIZATION_LEVEL = "-Onone";
				TARGETED_DEVICE_FAMILY = "1,2";
			};
			name = Debug;
		};
		85C3153C1DECEFF30095AFA1 /* Release */ = {
			isa = XCBuildConfiguration;
			buildSettings = {
				ALWAYS_SEARCH_USER_PATHS = NO;
				CLANG_ANALYZER_NONNULL = YES;
				CLANG_CXX_LANGUAGE_STANDARD = "gnu++0x";
				CLANG_CXX_LIBRARY = "libc++";
				CLANG_ENABLE_MODULES = YES;
				CLANG_ENABLE_OBJC_ARC = YES;
				CLANG_WARN_BOOL_CONVERSION = YES;
				CLANG_WARN_CONSTANT_CONVERSION = YES;
				CLANG_WARN_DIRECT_OBJC_ISA_USAGE = YES_ERROR;
				CLANG_WARN_DOCUMENTATION_COMMENTS = YES;
				CLANG_WARN_EMPTY_BODY = YES;
				CLANG_WARN_ENUM_CONVERSION = YES;
				CLANG_WARN_INFINITE_RECURSION = YES;
				CLANG_WARN_INT_CONVERSION = YES;
				CLANG_WARN_OBJC_ROOT_CLASS = YES_ERROR;
				CLANG_WARN_SUSPICIOUS_MOVE = YES;
				CLANG_WARN_SUSPICIOUS_MOVES = YES;
				CLANG_WARN_UNREACHABLE_CODE = YES;
				CLANG_WARN__DUPLICATE_METHOD_MATCH = YES;
				"CODE_SIGN_IDENTITY[sdk=iphoneos*]" = "iPhone Developer";
				COPY_PHASE_STRIP = NO;
				DEBUG_INFORMATION_FORMAT = "dwarf-with-dsym";
				ENABLE_NS_ASSERTIONS = NO;
				ENABLE_STRICT_OBJC_MSGSEND = YES;
				GCC_C_LANGUAGE_STANDARD = gnu99;
				GCC_NO_COMMON_BLOCKS = YES;
				GCC_WARN_64_TO_32_BIT_CONVERSION = YES;
				GCC_WARN_ABOUT_RETURN_TYPE = YES_ERROR;
				GCC_WARN_UNDECLARED_SELECTOR = YES;
				GCC_WARN_UNINITIALIZED_AUTOS = YES_AGGRESSIVE;
				GCC_WARN_UNUSED_FUNCTION = YES;
				GCC_WARN_UNUSED_VARIABLE = YES;
				IPHONEOS_DEPLOYMENT_TARGET = 10.1;
				MTL_ENABLE_DEBUG_INFO = NO;
				SDKROOT = iphoneos;
				SWIFT_OPTIMIZATION_LEVEL = "-Owholemodule";
				TARGETED_DEVICE_FAMILY = "1,2";
				VALIDATE_PRODUCT = YES;
			};
			name = Release;
		};
		85C3153E1DECEFF30095AFA1 /* Debug */ = {
			isa = XCBuildConfiguration;
			baseConfigurationReference = 3A017AF82C67089053006C9A /* Pods-MultiSelectionTable.debug.xcconfig */;
			buildSettings = {
				ASSETCATALOG_COMPILER_APPICON_NAME = AppIcon;
				"CODE_SIGN_IDENTITY[sdk=iphoneos*]" = "iPhone Developer";
				DEVELOPMENT_TEAM = 9D23XSN84S;
				INFOPLIST_FILE = MultiSelectionTable/Info.plist;
				LD_RUNPATH_SEARCH_PATHS = "$(inherited) @executable_path/Frameworks";
				PRODUCT_BUNDLE_IDENTIFIER = com.numicago.MultiSelectionTable;
				PRODUCT_NAME = "$(TARGET_NAME)";
				SWIFT_OBJC_BRIDGING_HEADER = MultiSelectionTable/BridgingHeader.h;
				SWIFT_VERSION = 3.0;
			};
			name = Debug;
		};
		85C3153F1DECEFF30095AFA1 /* Release */ = {
			isa = XCBuildConfiguration;
			baseConfigurationReference = C9CE32EF8AC099B7534C90F3 /* Pods-MultiSelectionTable.release.xcconfig */;
			buildSettings = {
				ASSETCATALOG_COMPILER_APPICON_NAME = AppIcon;
				"CODE_SIGN_IDENTITY[sdk=iphoneos*]" = "iPhone Developer";
				DEVELOPMENT_TEAM = 9D23XSN84S;
				INFOPLIST_FILE = MultiSelectionTable/Info.plist;
				LD_RUNPATH_SEARCH_PATHS = "$(inherited) @executable_path/Frameworks";
				PRODUCT_BUNDLE_IDENTIFIER = com.numicago.MultiSelectionTable;
				PRODUCT_NAME = "$(TARGET_NAME)";
				SWIFT_OBJC_BRIDGING_HEADER = MultiSelectionTable/BridgingHeader.h;
				SWIFT_VERSION = 3.0;
			};
			name = Release;
		};
		85C315411DECEFF30095AFA1 /* Debug */ = {
			isa = XCBuildConfiguration;
			baseConfigurationReference = C262E671D2FFA4765D00586B /* Pods-MultiSelectionTableTests.debug.xcconfig */;
			buildSettings = {
				ALWAYS_EMBED_SWIFT_STANDARD_LIBRARIES = YES;
				BUNDLE_LOADER = "$(TEST_HOST)";
				DEVELOPMENT_TEAM = 9D23XSN84S;
				INFOPLIST_FILE = MultiSelectionTableTests/Info.plist;
				LD_RUNPATH_SEARCH_PATHS = "$(inherited) @executable_path/Frameworks @loader_path/Frameworks";
				PRODUCT_BUNDLE_IDENTIFIER = com.numicago.MultiSelectionTableTests;
				PRODUCT_NAME = "$(TARGET_NAME)";
				SWIFT_VERSION = 3.0;
				TEST_HOST = "$(BUILT_PRODUCTS_DIR)/MultiSelectionTable.app/MultiSelectionTable";
			};
			name = Debug;
		};
		85C315421DECEFF30095AFA1 /* Release */ = {
			isa = XCBuildConfiguration;
			baseConfigurationReference = C2FA110E208BC064ECD27E5A /* Pods-MultiSelectionTableTests.release.xcconfig */;
			buildSettings = {
				ALWAYS_EMBED_SWIFT_STANDARD_LIBRARIES = YES;
				BUNDLE_LOADER = "$(TEST_HOST)";
				DEVELOPMENT_TEAM = 9D23XSN84S;
				INFOPLIST_FILE = MultiSelectionTableTests/Info.plist;
				LD_RUNPATH_SEARCH_PATHS = "$(inherited) @executable_path/Frameworks @loader_path/Frameworks";
				PRODUCT_BUNDLE_IDENTIFIER = com.numicago.MultiSelectionTableTests;
				PRODUCT_NAME = "$(TARGET_NAME)";
				SWIFT_VERSION = 3.0;
				TEST_HOST = "$(BUILT_PRODUCTS_DIR)/MultiSelectionTable.app/MultiSelectionTable";
			};
			name = Release;
		};
		85C315441DECEFF30095AFA1 /* Debug */ = {
			isa = XCBuildConfiguration;
			baseConfigurationReference = 4A95BD964DDA5B5FF09A934A /* Pods-MultiSelectionTableUITests.debug.xcconfig */;
			buildSettings = {
				ALWAYS_EMBED_SWIFT_STANDARD_LIBRARIES = YES;
				DEVELOPMENT_TEAM = 9D23XSN84S;
				INFOPLIST_FILE = MultiSelectionTableUITests/Info.plist;
				LD_RUNPATH_SEARCH_PATHS = "$(inherited) @executable_path/Frameworks @loader_path/Frameworks";
				PRODUCT_BUNDLE_IDENTIFIER = com.numicago.MultiSelectionTableUITests;
				PRODUCT_NAME = "$(TARGET_NAME)";
				SWIFT_VERSION = 3.0;
				TEST_TARGET_NAME = MultiSelectionTable;
			};
			name = Debug;
		};
		85C315451DECEFF30095AFA1 /* Release */ = {
			isa = XCBuildConfiguration;
			baseConfigurationReference = 6A4EACF15959F8CD1E3D13E4 /* Pods-MultiSelectionTableUITests.release.xcconfig */;
			buildSettings = {
				ALWAYS_EMBED_SWIFT_STANDARD_LIBRARIES = YES;
				DEVELOPMENT_TEAM = 9D23XSN84S;
				INFOPLIST_FILE = MultiSelectionTableUITests/Info.plist;
				LD_RUNPATH_SEARCH_PATHS = "$(inherited) @executable_path/Frameworks @loader_path/Frameworks";
				PRODUCT_BUNDLE_IDENTIFIER = com.numicago.MultiSelectionTableUITests;
				PRODUCT_NAME = "$(TARGET_NAME)";
				SWIFT_VERSION = 3.0;
				TEST_TARGET_NAME = MultiSelectionTable;
			};
			name = Release;
		};
/* End XCBuildConfiguration section */

/* Begin XCConfigurationList section */
		85C3150D1DECEFF30095AFA1 /* Build configuration list for PBXProject "MultiSelectionTable" */ = {
			isa = XCConfigurationList;
			buildConfigurations = (
				85C3153B1DECEFF30095AFA1 /* Debug */,
				85C3153C1DECEFF30095AFA1 /* Release */,
			);
			defaultConfigurationIsVisible = 0;
			defaultConfigurationName = Release;
		};
		85C3153D1DECEFF30095AFA1 /* Build configuration list for PBXNativeTarget "MultiSelectionTable" */ = {
			isa = XCConfigurationList;
			buildConfigurations = (
				85C3153E1DECEFF30095AFA1 /* Debug */,
				85C3153F1DECEFF30095AFA1 /* Release */,
			);
			defaultConfigurationIsVisible = 0;
			defaultConfigurationName = Release;
		};
		85C315401DECEFF30095AFA1 /* Build configuration list for PBXNativeTarget "MultiSelectionTableTests" */ = {
			isa = XCConfigurationList;
			buildConfigurations = (
				85C315411DECEFF30095AFA1 /* Debug */,
				85C315421DECEFF30095AFA1 /* Release */,
			);
			defaultConfigurationIsVisible = 0;
			defaultConfigurationName = Release;
		};
		85C315431DECEFF30095AFA1 /* Build configuration list for PBXNativeTarget "MultiSelectionTableUITests" */ = {
			isa = XCConfigurationList;
			buildConfigurations = (
				85C315441DECEFF30095AFA1 /* Debug */,
				85C315451DECEFF30095AFA1 /* Release */,
			);
			defaultConfigurationIsVisible = 0;
			defaultConfigurationName = Release;
		};
/* End XCConfigurationList section */
	};
	rootObject = 85C3150A1DECEFF30095AFA1 /* Project object */;
}
